// !$*UTF8*$!
{
	archiveVersion = 1;
	classes = {};
	objectVersion = 56;
	objects = {

/* Begin PBXBuildFile section */
		A001 /* AppDelegate.swift in Sources */ = {isa = PBXBuildFile; fileRef = B001 /* AppDelegate.swift */; };
		A002 /* SceneDelegate.swift in Sources */ = {isa = PBXBuildFile; fileRef = B002 /* SceneDelegate.swift */; };
		A003 /* Models.swift in Sources */ = {isa = PBXBuildFile; fileRef = B003 /* Models.swift */; };
		A004 /* ChatGPTClient.swift in Sources */ = {isa = PBXBuildFile; fileRef = B004 /* ChatGPTClient.swift */; };
		A005 /* CatalogStore.swift in Sources */ = {isa = PBXBuildFile; fileRef = B005 /* CatalogStore.swift */; };
		A006 /* MarkdownExporter.swift in Sources */ = {isa = PBXBuildFile; fileRef = B006 /* MarkdownExporter.swift */; };
		A007 /* ConversationExportCoordinator.swift in Sources */ = {isa = PBXBuildFile; fileRef = B007 /* ConversationExportCoordinator.swift */; };
		A008 /* HomeViewController.swift in Sources */ = {isa = PBXBuildFile; fileRef = B008 /* HomeViewController.swift */; };
		A009 /* ProjectConversationsViewController.swift in Sources */ = {isa = PBXBuildFile; fileRef = B009 /* ProjectConversationsViewController.swift */; };
		A010 /* LoginViewController.swift in Sources */ = {isa = PBXBuildFile; fileRef = B010 /* LoginViewController.swift */; };
		A011 /* Assets.xcassets in Resources */ = {isa = PBXBuildFile; fileRef = B011 /* Assets.xcassets */; };
/* End PBXBuildFile section */

/* Begin PBXFileReference section */
		B000 /* GPTWebKit.app */ = {isa = PBXFileReference; explicitFileType = wrapper.application; path = GPTWebKit.app; sourceTree = BUILT_PRODUCTS_DIR; };
		B001 /* AppDelegate.swift */ = {isa = PBXFileReference; lastKnownFileType = sourcecode.swift; path = AppDelegate.swift; sourceTree = "<group>"; };
		B002 /* SceneDelegate.swift */ = {isa = PBXFileReference; lastKnownFileType = sourcecode.swift; path = SceneDelegate.swift; sourceTree = "<group>"; };
		B003 /* Models.swift */ = {isa = PBXFileReference; lastKnownFileType = sourcecode.swift; path = ChatGPT/Models.swift; sourceTree = "<group>"; };
		B004 /* ChatGPTClient.swift */ = {isa = PBXFileReference; lastKnownFileType = sourcecode.swift; path = ChatGPT/ChatGPTClient.swift; sourceTree = "<group>"; };
		B005 /* CatalogStore.swift */ = {isa = PBXFileReference; lastKnownFileType = sourcecode.swift; path = Storage/CatalogStore.swift; sourceTree = "<group>"; };
		B006 /* MarkdownExporter.swift */ = {isa = PBXFileReference; lastKnownFileType = sourcecode.swift; path = Export/MarkdownExporter.swift; sourceTree = "<group>"; };
		B007 /* ConversationExportCoordinator.swift */ = {isa = PBXFileReference; lastKnownFileType = sourcecode.swift; path = Export/ConversationExportCoordinator.swift; sourceTree = "<group>"; };
		B008 /* HomeViewController.swift */ = {isa = PBXFileReference; lastKnownFileType = sourcecode.swift; path = UI/HomeViewController.swift; sourceTree = "<group>"; };
		B009 /* ProjectConversationsViewController.swift */ = {isa = PBXFileReference; lastKnownFileType = sourcecode.swift; path = UI/ProjectConversationsViewController.swift; sourceTree = "<group>"; };
		B010 /* LoginViewController.swift */ = {isa = PBXFileReference; lastKnownFileType = sourcecode.swift; path = UI/LoginViewController.swift; sourceTree = "<group>"; };
		B011 /* Assets.xcassets */ = {isa = PBXFileReference; lastKnownFileType = folder.assetcatalog; path = Assets.xcassets; sourceTree = "<group>"; };
/* End PBXFileReference section */

/* Begin PBXFrameworksBuildPhase section */
		C001 = {isa = PBXFrameworksBuildPhase; buildActionMask = 2147483647; files = (); runOnlyForDeploymentPostprocessing = 0; };
/* End PBXFrameworksBuildPhase section */

/* Begin PBXGroup section */
		D000 = {isa = PBXGroup; children = (D001 /* GPTWebKit */, D002 /* Products */); sourceTree = "<group>"; };
		D001 /* GPTWebKit */ = {isa = PBXGroup; path = GPTWebKit; sourceTree = "<group>"; children = (B001, B002, B003, B004, B005, B006, B007, B008, B009, B010, B011); };
		D002 /* Products */ = {isa = PBXGroup; children = (B000); name = Products; sourceTree = "<group>"; };
/* End PBXGroup section */

/* Begin PBXNativeTarget section */
		E001 /* GPTWebKit */ = {isa = PBXNativeTarget; buildConfigurationList = F001; buildPhases = (C002, C001, C003); buildRules = (); dependencies = (); name = GPTWebKit; productName = GPTWebKit; productReference = B000; productType = "com.apple.product-type.application"; };
/* End PBXNativeTarget section */

/* Begin PBXProject section */
		P001 = {isa = PBXProject; attributes = {BuildIndependentTargetsInParallel = 1; LastSwiftUpdateCheck = 1600; LastUpgradeCheck = 1600; TargetAttributes = {E001 = {CreatedOnToolsVersion = 16.0; }; }; }; buildConfigurationList = F000; compatibilityVersion = "Xcode 14.0"; developmentRegion = en; hasScannedForEncodings = 0; knownRegions = (en, Base); mainGroup = D000; productRefGroup = D002; projectDirPath = ""; projectRoot = ""; targets = (E001); };
/* End PBXProject section */

/* Begin PBXResourcesBuildPhase section */
		C003 = {isa = PBXResourcesBuildPhase; buildActionMask = 2147483647; files = (A011); runOnlyForDeploymentPostprocessing = 0; };
/* End PBXResourcesBuildPhase section */

/* Begin PBXSourcesBuildPhase section */
		C002 = {isa = PBXSourcesBuildPhase; buildActionMask = 2147483647; files = (A001, A002, A003, A004, A005, A006, A007, A008, A009, A010); runOnlyForDeploymentPostprocessing = 0; };
/* End PBXSourcesBuildPhase section */

/* Begin XCBuildConfiguration section */
		G001 = {isa = XCBuildConfiguration; buildSettings = {ALWAYS_SEARCH_USER_PATHS = NO; CLANG_ENABLE_MODULES = YES; ENABLE_STRICT_OBJC_MSGSEND = YES; GCC_C_LANGUAGE_STANDARD = gnu17; IPHONEOS_DEPLOYMENT_TARGET = 17.0; SDKROOT = iphoneos; SWIFT_VERSION = 5.0; }; name = Debug; };
		G002 = {isa = XCBuildConfiguration; buildSettings = {ALWAYS_SEARCH_USER_PATHS = NO; CLANG_ENABLE_MODULES = YES; ENABLE_STRICT_OBJC_MSGSEND = YES; GCC_C_LANGUAGE_STANDARD = gnu17; IPHONEOS_DEPLOYMENT_TARGET = 17.0; SDKROOT = iphoneos; SWIFT_VERSION = 5.0; }; name = Release; };
		G003 = {isa = XCBuildConfiguration; buildSettings = {ASSETCATALOG_COMPILER_APPICON_NAME = AppIcon; CODE_SIGN_STYLE = Automatic; CURRENT_PROJECT_VERSION = 1; GENERATE_INFOPLIST_FILE = NO; INFOPLIST_FILE = GPTWebKit/Info.plist; IPHONEOS_DEPLOYMENT_TARGET = 17.0; MARKETING_VERSION = 0.3.0; PRODUCT_BUNDLE_IDENTIFIER = com.whitesharkssw.GPTWebKit; PRODUCT_NAME = "$(TARGET_NAME)"; SUPPORTED_PLATFORMS = "iphoneos iphonesimulator"; SUPPORTS_MACCATALYST = NO; SWIFT_EMIT_LOC_STRINGS = YES; SWIFT_VERSION = 5.0; TARGETED_DEVICE_FAMILY = 1; }; name = Debug; };
		G004 = {isa = XCBuildConfiguration; buildSettings = {ASSETCATALOG_COMPILER_APPICON_NAME = AppIcon; CODE_SIGN_STYLE = Automatic; CURRENT_PROJECT_VERSION = 1; GENERATE_INFOPLIST_FILE = NO; INFOPLIST_FILE = GPTWebKit/Info.plist; IPHONEOS_DEPLOYMENT_TARGET = 17.0; MARKETING_VERSION = 0.3.0; PRODUCT_BUNDLE_IDENTIFIER = com.whitesharkssw.GPTWebKit; PRODUCT_NAME = "$(TARGET_NAME)"; SUPPORTED_PLATFORMS = "iphoneos iphonesimulator"; SUPPORTS_MACCATALYST = NO; SWIFT_EMIT_LOC_STRINGS = YES; SWIFT_VERSION = 5.0; TARGETED_DEVICE_FAMILY = 1; }; name = Release; };
/* End XCBuildConfiguration section */

/* Begin XCConfigurationList section */
		F000 = {isa = XCConfigurationList; buildConfigurations = (G001, G002); defaultConfigurationIsVisible = 0; defaultConfigurationName = Release; };
		F001 = {isa = XCConfigurationList; buildConfigurations = (G003, G004); defaultConfigurationIsVisible = 0; defaultConfigurationName = Release; };
/* End XCConfigurationList section */
	};
	rootObject = P001;
}
